
Microsoft Visual Studio Solution File, Format Version 12.00
# Visual Studio Version 16
VisualStudioVersion = 16.0.28803.352
MinimumVisualStudioVersion = 10.0.40219.1
Project("{FAE04EC0-301F-11D3-BF4B-00C04F79EFBC}") = "ShoppingListApi", "ShoppingListApi\ShoppingListApi.csproj", "{5954B615-9B37-4C9C-A40E-FDAFE0F7F811}"
EndProject
Project("{FAE04EC0-301F-11D3-BF4B-00C04F79EFBC}") = "ShoppingListApi.Tests", "ShoppingListApi.Tests\ShoppingListApi.Tests.csproj", "{B55696C4-D4D4-4228-BA80-AA4E2400A87D}"
EndProject
Global
	GlobalSection(SolutionConfigurationPlatforms) = preSolution
		Debug|Any CPU = Debug|Any CPU
		Release|Any CPU = Release|Any CPU
	EndGlobalSection
	GlobalSection(ProjectConfigurationPlatforms) = postSolution
		{5954B615-9B37-4C9C-A40E-FDAFE0F7F811}.Debug|Any CPU.ActiveCfg = Debug|Any CPU
		{5954B615-9B37-4C9C-A40E-FDAFE0F7F811}.Debug|Any CPU.Build.0 = Debug|Any CPU
		{5954B615-9B37-4C9C-A40E-FDAFE0F7F811}.Release|Any CPU.ActiveCfg = Release|Any CPU
		{5954B615-9B37-4C9C-A40E-FDAFE0F7F811}.Release|Any CPU.Build.0 = Release|Any CPU
		{B55696C4-D4D4-4228-BA80-AA4E2400A87D}.Debug|Any CPU.ActiveCfg = Debug|Any CPU
		{B55696C4-D4D4-4228-BA80-AA4E2400A87D}.Debug|Any CPU.Build.0 = Debug|Any CPU
		{B55696C4-D4D4-4228-BA80-AA4E2400A87D}.Release|Any CPU.ActiveCfg = Release|Any CPU
		{B55696C4-D4D4-4228-BA80-AA4E2400A87D}.Release|Any CPU.Build.0 = Release|Any CPU
	EndGlobalSection
	GlobalSection(SolutionProperties) = preSolution
		HideSolutionNode = FALSE
	EndGlobalSection
	GlobalSection(ExtensibilityGlobals) = postSolution
		SolutionGuid = {6F6C6B1A-9F61-44AA-B1BC-458684C6409F}
	EndGlobalSection
EndGlobal
